{
  "name": "nipun_npm",
  "version": "1.0.1",
  "lockfileVersion": 3,
  "requires": true,
  "packages": {
    "": {
      "name": "nipun_npm",
      "version": "1.0.1",
      "license": "ISC",
      "dependencies": {
        "nipun_npm": "^1.0.1"
      }
    },
    "node_modules/nipun_npm": {
      "version": "1.0.1",
      "resolved": "https://registry.npmjs.org/nipun_npm/-/nipun_npm-1.0.1.tgz",
      "integrity": "sha512-8kFKC2ND4NjvS3FRIu8Xo0v7/s5MARIB+t0zJHh7IlFprpWf1BDqgyp7OqEQUBEEFYp1S60vsND4vWkTGkg0VQ=="
    }
  }
}
